
Microsoft Visual Studio Solution File, Format Version 12.00
# Visual Studio 2017
Project("{FAE04EC0-301F-11D3-BF4B-00C04F79EFBC}") = "Robot Rampage", "Robot Rampage.csproj", "{7F3C983F-BABE-1CC0-AD8A-E7150D4B9E1A}"
EndProject
Project("{FAE04EC0-301F-11D3-BF4B-00C04F79EFBC}") = "Robot Rampage.Plugins", "Robot Rampage.Plugins.csproj", "{592FC1CE-8F45-584A-8D68-A03F7A7F219F}"
EndProject
Project("{FAE04EC0-301F-11D3-BF4B-00C04F79EFBC}") = "Robot Rampage.Editor", "Robot Rampage.Editor.csproj", "{66E54FE2-0E27-6596-2346-DC8E0DF7A2D8}"
EndProject
Global
	GlobalSection(SolutionConfigurationPlatforms) = preSolution
		Debug|Any CPU = Debug|Any CPU
		Release|Any CPU = Release|Any CPU
	EndGlobalSection
	GlobalSection(ProjectConfigurationPlatforms) = postSolution
		{7F3C983F-BABE-1CC0-AD8A-E7150D4B9E1A}.Debug|Any CPU.ActiveCfg = Debug|Any CPU
		{7F3C983F-BABE-1CC0-AD8A-E7150D4B9E1A}.Debug|Any CPU.Build.0 = Debug|Any CPU
		{7F3C983F-BABE-1CC0-AD8A-E7150D4B9E1A}.Release|Any CPU.ActiveCfg = Release|Any CPU
		{7F3C983F-BABE-1CC0-AD8A-E7150D4B9E1A}.Release|Any CPU.Build.0 = Release|Any CPU
		{592FC1CE-8F45-584A-8D68-A03F7A7F219F}.Debug|Any CPU.ActiveCfg = Debug|Any CPU
		{592FC1CE-8F45-584A-8D68-A03F7A7F219F}.Debug|Any CPU.Build.0 = Debug|Any CPU
		{592FC1CE-8F45-584A-8D68-A03F7A7F219F}.Release|Any CPU.ActiveCfg = Release|Any CPU
		{592FC1CE-8F45-584A-8D68-A03F7A7F219F}.Release|Any CPU.Build.0 = Release|Any CPU
		{66E54FE2-0E27-6596-2346-DC8E0DF7A2D8}.Debug|Any CPU.ActiveCfg = Debug|Any CPU
		{66E54FE2-0E27-6596-2346-DC8E0DF7A2D8}.Debug|Any CPU.Build.0 = Debug|Any CPU
		{66E54FE2-0E27-6596-2346-DC8E0DF7A2D8}.Release|Any CPU.ActiveCfg = Release|Any CPU
		{66E54FE2-0E27-6596-2346-DC8E0DF7A2D8}.Release|Any CPU.Build.0 = Release|Any CPU
	EndGlobalSection
	GlobalSection(SolutionProperties) = preSolution
		HideSolutionNode = FALSE
	EndGlobalSection
EndGlobal
